
Microsoft Visual Studio Solution File, Format Version 12.00
# Visual Studio Version 16
VisualStudioVersion = 16.0.30413.136
MinimumVisualStudioVersion = 10.0.40219.1
Project("{FAE04EC0-301F-11D3-BF4B-00C04F79EFBC}") = "ClubManager.Model", "ClubManager.Model\ClubManager.Model.csproj", "{03083F02-D117-4067-8D79-4E2EE2DF3B28}"
EndProject
Project("{FAE04EC0-301F-11D3-BF4B-00C04F79EFBC}") = "ClubManager.WpfApp", "ClubManager.WpfApp\ClubManager.WpfApp.csproj", "{46C672A7-F292-4DA4-9160-E059D322051D}"
EndProject
Project("{FAE04EC0-301F-11D3-BF4B-00C04F79EFBC}") = "Utils", "Utils\Utils.csproj", "{21320E48-FC64-47D2-A1A7-D3E482CA2E2B}"
EndProject
Global
	GlobalSection(SolutionConfigurationPlatforms) = preSolution
		Debug|Any CPU = Debug|Any CPU
		Release|Any CPU = Release|Any CPU
	EndGlobalSection
	GlobalSection(ProjectConfigurationPlatforms) = postSolution
		{03083F02-D117-4067-8D79-4E2EE2DF3B28}.Debug|Any CPU.ActiveCfg = Debug|Any CPU
		{03083F02-D117-4067-8D79-4E2EE2DF3B28}.Debug|Any CPU.Build.0 = Debug|Any CPU
		{03083F02-D117-4067-8D79-4E2EE2DF3B28}.Release|Any CPU.ActiveCfg = Release|Any CPU
		{03083F02-D117-4067-8D79-4E2EE2DF3B28}.Release|Any CPU.Build.0 = Release|Any CPU
		{46C672A7-F292-4DA4-9160-E059D322051D}.Debug|Any CPU.ActiveCfg = Debug|Any CPU
		{46C672A7-F292-4DA4-9160-E059D322051D}.Debug|Any CPU.Build.0 = Debug|Any CPU
		{46C672A7-F292-4DA4-9160-E059D322051D}.Release|Any CPU.ActiveCfg = Release|Any CPU
		{46C672A7-F292-4DA4-9160-E059D322051D}.Release|Any CPU.Build.0 = Release|Any CPU
		{21320E48-FC64-47D2-A1A7-D3E482CA2E2B}.Debug|Any CPU.ActiveCfg = Debug|Any CPU
		{21320E48-FC64-47D2-A1A7-D3E482CA2E2B}.Debug|Any CPU.Build.0 = Debug|Any CPU
		{21320E48-FC64-47D2-A1A7-D3E482CA2E2B}.Release|Any CPU.ActiveCfg = Release|Any CPU
		{21320E48-FC64-47D2-A1A7-D3E482CA2E2B}.Release|Any CPU.Build.0 = Release|Any CPU
	EndGlobalSection
	GlobalSection(SolutionProperties) = preSolution
		HideSolutionNode = FALSE
	EndGlobalSection
	GlobalSection(ExtensibilityGlobals) = postSolution
		SolutionGuid = {746E6994-0467-457D-811D-8995EE3106C7}
	EndGlobalSection
EndGlobal
